
Microsoft Visual Studio Solution File, Format Version 12.00
# Visual Studio Version 16
VisualStudioVersion = 16.0.30717.126
MinimumVisualStudioVersion = 10.0.40219.1
Project("{9A19103F-16F7-4668-BE54-9A1E7A4F7556}") = "App1", "..\Новая папка (2)\App1\App1.csproj", "{EF866197-BE92-4CBD-BF85-A606E127CF89}"
EndProject
Global
	GlobalSection(SolutionConfigurationPlatforms) = preSolution
		Debug|Any CPU = Debug|Any CPU
		Release|Any CPU = Release|Any CPU
	EndGlobalSection
	GlobalSection(ProjectConfigurationPlatforms) = postSolution
		{EF866197-BE92-4CBD-BF85-A606E127CF89}.Debug|Any CPU.ActiveCfg = Debug|Any CPU
		{EF866197-BE92-4CBD-BF85-A606E127CF89}.Debug|Any CPU.Build.0 = Debug|Any CPU
		{EF866197-BE92-4CBD-BF85-A606E127CF89}.Release|Any CPU.ActiveCfg = Release|Any CPU
		{EF866197-BE92-4CBD-BF85-A606E127CF89}.Release|Any CPU.Build.0 = Release|Any CPU
	EndGlobalSection
	GlobalSection(SolutionProperties) = preSolution
		HideSolutionNode = FALSE
	EndGlobalSection
	GlobalSection(ExtensibilityGlobals) = postSolution
		SolutionGuid = {49DAA704-8679-49D7-B8EC-CEED15B5443E}
	EndGlobalSection
EndGlobal
